
Microsoft Visual Studio Solution File, Format Version 12.00
# Visual Studio Version 17
VisualStudioVersion = 17.14.36623.8 d17.14
MinimumVisualStudioVersion = 10.0.40219.1
Project("{2150E333-8FDC-42A3-9474-1A3956D46DE8}") = "SRC", "SRC", "{02EA681E-C7D8-13C7-8484-4AC65E1B71E8}"
EndProject
Project("{FAE04EC0-301F-11D3-BF4B-00C04F79EFBC}") = "MechanicShop.API", "MechanicShop.API\MechanicShop.API.csproj", "{6A1EA20B-D00E-4341-AD0E-2D4A067D5610}"
EndProject
Project("{FAE04EC0-301F-11D3-BF4B-00C04F79EFBC}") = "MechanicShop.Domain", "MechanicShop.Domain\MechanicShop.Domain.csproj", "{4F5D1F3A-6FD3-41CE-84A5-44D293735567}"
EndProject
Project("{FAE04EC0-301F-11D3-BF4B-00C04F79EFBC}") = "MechanicShop.Infrastructure", "MechanicShop.Infrastructure\MechanicShop.Infrastructure.csproj", "{EA14C593-8899-438B-A58B-E2C655E6CE26}"
EndProject
Project("{FAE04EC0-301F-11D3-BF4B-00C04F79EFBC}") = "MechanicShop.Application", "MechanicShop.Application\MechanicShop.Application.csproj", "{7E1D1F47-2982-4927-8FC5-166166A8C0D7}"
EndProject
Project("{2150E333-8FDC-42A3-9474-1A3956D46DE8}") = "TEST", "TEST", "{5D50EB2B-AA74-4448-AA96-35196E11F92F}"
EndProject
Global
	GlobalSection(SolutionConfigurationPlatforms) = preSolution
		Debug|Any CPU = Debug|Any CPU
		Release|Any CPU = Release|Any CPU
	EndGlobalSection
	GlobalSection(ProjectConfigurationPlatforms) = postSolution
		{6A1EA20B-D00E-4341-AD0E-2D4A067D5610}.Debug|Any CPU.ActiveCfg = Debug|Any CPU
		{6A1EA20B-D00E-4341-AD0E-2D4A067D5610}.Debug|Any CPU.Build.0 = Debug|Any CPU
		{6A1EA20B-D00E-4341-AD0E-2D4A067D5610}.Release|Any CPU.ActiveCfg = Release|Any CPU
		{6A1EA20B-D00E-4341-AD0E-2D4A067D5610}.Release|Any CPU.Build.0 = Release|Any CPU
		{4F5D1F3A-6FD3-41CE-84A5-44D293735567}.Debug|Any CPU.ActiveCfg = Debug|Any CPU
		{4F5D1F3A-6FD3-41CE-84A5-44D293735567}.Debug|Any CPU.Build.0 = Debug|Any CPU
		{4F5D1F3A-6FD3-41CE-84A5-44D293735567}.Release|Any CPU.ActiveCfg = Release|Any CPU
		{4F5D1F3A-6FD3-41CE-84A5-44D293735567}.Release|Any CPU.Build.0 = Release|Any CPU
		{EA14C593-8899-438B-A58B-E2C655E6CE26}.Debug|Any CPU.ActiveCfg = Debug|Any CPU
		{EA14C593-8899-438B-A58B-E2C655E6CE26}.Debug|Any CPU.Build.0 = Debug|Any CPU
		{EA14C593-8899-438B-A58B-E2C655E6CE26}.Release|Any CPU.ActiveCfg = Release|Any CPU
		{EA14C593-8899-438B-A58B-E2C655E6CE26}.Release|Any CPU.Build.0 = Release|Any CPU
		{7E1D1F47-2982-4927-8FC5-166166A8C0D7}.Debug|Any CPU.ActiveCfg = Debug|Any CPU
		{7E1D1F47-2982-4927-8FC5-166166A8C0D7}.Debug|Any CPU.Build.0 = Debug|Any CPU
		{7E1D1F47-2982-4927-8FC5-166166A8C0D7}.Release|Any CPU.ActiveCfg = Release|Any CPU
		{7E1D1F47-2982-4927-8FC5-166166A8C0D7}.Release|Any CPU.Build.0 = Release|Any CPU
	EndGlobalSection
	GlobalSection(SolutionProperties) = preSolution
		HideSolutionNode = FALSE
	EndGlobalSection
	GlobalSection(NestedProjects) = preSolution
		{6A1EA20B-D00E-4341-AD0E-2D4A067D5610} = {02EA681E-C7D8-13C7-8484-4AC65E1B71E8}
		{4F5D1F3A-6FD3-41CE-84A5-44D293735567} = {02EA681E-C7D8-13C7-8484-4AC65E1B71E8}
		{EA14C593-8899-438B-A58B-E2C655E6CE26} = {02EA681E-C7D8-13C7-8484-4AC65E1B71E8}
		{7E1D1F47-2982-4927-8FC5-166166A8C0D7} = {02EA681E-C7D8-13C7-8484-4AC65E1B71E8}
	EndGlobalSection
	GlobalSection(ExtensibilityGlobals) = postSolution
		SolutionGuid = {FD4AD890-E44C-41E1-A36E-FA51200C6B8A}
	EndGlobalSection
EndGlobal
